
Microsoft Visual Studio Solution File, Format Version 12.00
# Visual Studio Version 17
VisualStudioVersion = 17.0.31903.59
MinimumVisualStudioVersion = 10.0.40219.1
Project("{FAE04EC0-301F-11D3-BF4B-00C04F79EFBC}") = "CookiesDemo", "src\CookiesDemo\CookiesDemo.csproj", "{37239007-50C5-4F7B-AC8E-C0887FBCF6EE}"
EndProject
Project("{2150E333-8FDC-42A3-9474-1A3956D46DE8}") = "Solution Items", "Solution Items", "{A068B013-F458-4828-9BC9-0207E176D5C1}"
	ProjectSection(SolutionItems) = preProject
		README.md = README.md
	EndProjectSection
EndProject
Project("{FAE04EC0-301F-11D3-BF4B-00C04F79EFBC}") = "CookieAuthDemo", "src\CookieAuthDemo\CookieAuthDemo.csproj", "{ACAF593E-14F8-4645-82A8-5D6270610499}"
EndProject
Project("{FAE04EC0-301F-11D3-BF4B-00C04F79EFBC}") = "DIConsoleAppDemo", "src\DIConsoleAppDemo\DIConsoleAppDemo.csproj", "{C303A68C-E0C6-4542-A4F5-9B621EB7251C}"
EndProject
Project("{FAE04EC0-301F-11D3-BF4B-00C04F79EFBC}") = "DIWebAppDemo", "src\DIWebAppDemo\DIWebAppDemo.csproj", "{722E3CDB-C357-4110-926C-037AA5A0DD5E}"
EndProject
Project("{FAE04EC0-301F-11D3-BF4B-00C04F79EFBC}") = "MiddlewareDemo", "src\MiddlewareDemo\MiddlewareDemo.csproj", "{727752EC-D450-4142-AF3D-1D2A9FDC3033}"
EndProject
Global
	GlobalSection(SolutionConfigurationPlatforms) = preSolution
		Debug|Any CPU = Debug|Any CPU
		Release|Any CPU = Release|Any CPU
	EndGlobalSection
	GlobalSection(ProjectConfigurationPlatforms) = postSolution
		{37239007-50C5-4F7B-AC8E-C0887FBCF6EE}.Debug|Any CPU.ActiveCfg = Debug|Any CPU
		{37239007-50C5-4F7B-AC8E-C0887FBCF6EE}.Debug|Any CPU.Build.0 = Debug|Any CPU
		{37239007-50C5-4F7B-AC8E-C0887FBCF6EE}.Release|Any CPU.ActiveCfg = Release|Any CPU
		{37239007-50C5-4F7B-AC8E-C0887FBCF6EE}.Release|Any CPU.Build.0 = Release|Any CPU
		{ACAF593E-14F8-4645-82A8-5D6270610499}.Debug|Any CPU.ActiveCfg = Debug|Any CPU
		{ACAF593E-14F8-4645-82A8-5D6270610499}.Debug|Any CPU.Build.0 = Debug|Any CPU
		{ACAF593E-14F8-4645-82A8-5D6270610499}.Release|Any CPU.ActiveCfg = Release|Any CPU
		{ACAF593E-14F8-4645-82A8-5D6270610499}.Release|Any CPU.Build.0 = Release|Any CPU
		{C303A68C-E0C6-4542-A4F5-9B621EB7251C}.Debug|Any CPU.ActiveCfg = Debug|Any CPU
		{C303A68C-E0C6-4542-A4F5-9B621EB7251C}.Debug|Any CPU.Build.0 = Debug|Any CPU
		{C303A68C-E0C6-4542-A4F5-9B621EB7251C}.Release|Any CPU.ActiveCfg = Release|Any CPU
		{C303A68C-E0C6-4542-A4F5-9B621EB7251C}.Release|Any CPU.Build.0 = Release|Any CPU
		{722E3CDB-C357-4110-926C-037AA5A0DD5E}.Debug|Any CPU.ActiveCfg = Debug|Any CPU
		{722E3CDB-C357-4110-926C-037AA5A0DD5E}.Debug|Any CPU.Build.0 = Debug|Any CPU
		{722E3CDB-C357-4110-926C-037AA5A0DD5E}.Release|Any CPU.ActiveCfg = Release|Any CPU
		{722E3CDB-C357-4110-926C-037AA5A0DD5E}.Release|Any CPU.Build.0 = Release|Any CPU
		{727752EC-D450-4142-AF3D-1D2A9FDC3033}.Debug|Any CPU.ActiveCfg = Debug|Any CPU
		{727752EC-D450-4142-AF3D-1D2A9FDC3033}.Debug|Any CPU.Build.0 = Debug|Any CPU
		{727752EC-D450-4142-AF3D-1D2A9FDC3033}.Release|Any CPU.ActiveCfg = Release|Any CPU
		{727752EC-D450-4142-AF3D-1D2A9FDC3033}.Release|Any CPU.Build.0 = Release|Any CPU
	EndGlobalSection
	GlobalSection(SolutionProperties) = preSolution
		HideSolutionNode = FALSE
	EndGlobalSection
	GlobalSection(ExtensibilityGlobals) = postSolution
		SolutionGuid = {42ADE0CC-6DF7-48DC-963A-5D3CB42267F1}
	EndGlobalSection
EndGlobal
